
Microsoft Visual Studio Solution File, Format Version 12.00
# Visual Studio Version 17
VisualStudioVersion = 17.4.33213.308
MinimumVisualStudioVersion = 10.0.40219.1
Project("{FAE04EC0-301F-11D3-BF4B-00C04F79EFBC}") = "ValheimMono", "ValheimMono.csproj", "{8AF9768B-7E14-46A3-9FDD-EC85E5929504}"
EndProject
Global
	GlobalSection(SolutionConfigurationPlatforms) = preSolution
		Debug|Any CPU = Debug|Any CPU
		Release|Any CPU = Release|Any CPU
	EndGlobalSection
	GlobalSection(ProjectConfigurationPlatforms) = postSolution
		{8AF9768B-7E14-46A3-9FDD-EC85E5929504}.Debug|Any CPU.ActiveCfg = Debug|Any CPU
		{8AF9768B-7E14-46A3-9FDD-EC85E5929504}.Debug|Any CPU.Build.0 = Debug|Any CPU
		{8AF9768B-7E14-46A3-9FDD-EC85E5929504}.Release|Any CPU.ActiveCfg = Release|Any CPU
		{8AF9768B-7E14-46A3-9FDD-EC85E5929504}.Release|Any CPU.Build.0 = Release|Any CPU
	EndGlobalSection
	GlobalSection(SolutionProperties) = preSolution
		HideSolutionNode = FALSE
	EndGlobalSection
	GlobalSection(ExtensibilityGlobals) = postSolution
		SolutionGuid = {4BE8C5E0-6843-4F8E-A6E8-CF1392A6C86D}
	EndGlobalSection
EndGlobal
